schema: '2.0'
stages:
  data_ingestion:
    cmd: python src/data/data_ingestion.py
    deps:
    - path: src/data/data_ingestion.py
      hash: md5
      md5: 0d02add985e10e7f66b3ce9f4aa66182
      size: 3423
    params:
      params.yaml:
        data_ingestion.test_size: 0.25
    outs:
    - path: dataset/raw
      hash: md5
      md5: f3af001bebce524de4e5ff7244b5c14b.dir
      size: 661287
      nfiles: 2
  data_preprocessing:
    cmd: python src/data/data_preprocessing.py
    deps:
    - path: dataset/raw
      hash: md5
      md5: f3af001bebce524de4e5ff7244b5c14b.dir
      size: 661287
      nfiles: 2
    - path: src/data/data_preprocessing.py
      hash: md5
      md5: 2652cdcd48eb6bac5d75116b34271f1e
      size: 2761
    outs:
    - path: dataset/interim
      hash: md5
      md5: 930561f74b4e6fbc69a026b6d6a1fb69.dir
      size: 407652
      nfiles: 2
  feature_engineering:
    cmd: python src/features/feature_engineering.py
    deps:
    - path: dataset/interim
      hash: md5
      md5: 930561f74b4e6fbc69a026b6d6a1fb69.dir
      size: 407652
      nfiles: 2
    - path: src/features/feature_engineering.py
      hash: md5
      md5: 71fced2ee171c72f580d09cf4374d56d
      size: 3510
    params:
      params.yaml:
        feature_engineering.max_features: 50
    outs:
    - path: dataset/processed
      hash: md5
      md5: 7d0921615a4d6fe53551144ab74dd824.dir
      size: 210943
      nfiles: 2
    - path: models/vectorizer.pkl
      hash: md5
      md5: 14f95b8a0dfa05568c2f1ed275658069
      size: 2511
  model_building:
    cmd: python src/model/model_building.py
    deps:
    - path: dataset/processed
      hash: md5
      md5: 7d0921615a4d6fe53551144ab74dd824.dir
      size: 210943
      nfiles: 2
    - path: src/model/model_building.py
      hash: md5
      md5: e01e9f01402db9a324676c6ff63b167d
      size: 1986
    outs:
    - path: models/model.pkl
      hash: md5
      md5: b915765f5b4642f943eddc329a4ee9c2
      size: 1092
  model_evaluation:
    cmd: python src/model/model_evaluation.py
    deps:
    - path: models/model.pkl
      hash: md5
      md5: b915765f5b4642f943eddc329a4ee9c2
      size: 1092
    - path: src/model/model_evaluation.py
      hash: md5
      md5: dd6277e276d580adf1f16ddee0ee1ab7
      size: 6881
    outs:
    - path: reports/experiment_info.json
      hash: md5
      md5: e13ee8412e58c69472790891d8a31bba
      size: 118
    - path: reports/metrics.json
      hash: md5
      md5: e223c40795029acdb7587122a7a13beb
      size: 118
  model_registration:
    cmd: python src/model/register_model.py
    deps:
    - path: reports/experiment_info.json
      hash: md5
      md5: e13ee8412e58c69472790891d8a31bba
      size: 118
    - path: src/model/register_model.py
      hash: md5
      md5: 162f5825941cf0e5dddb7a4c6ac3db4c
      size: 3275
